// !$*UTF8*$!
{
	archiveVersion = 1;
	classes = {
	};
	objectVersion = 56;
	objects = {

/* Begin PBXBuildFile section */
		D8C942E72996381B00BA6101 /* FriendsApp.swift in Sources */ = {isa = PBXBuildFile; fileRef = D8C942E62996381B00BA6101 /* FriendsApp.swift */; };
		D8C942E92996381B00BA6101 /* ContactsView.swift in Sources */ = {isa = PBXBuildFile; fileRef = D8C942E82996381B00BA6101 /* ContactsView.swift */; };
		D8C942EB2996381B00BA6101 /* Assets.xcassets in Resources */ = {isa = PBXBuildFile; fileRef = D8C942EA2996381B00BA6101 /* Assets.xcassets */; };
		D8C942EE2996381B00BA6101 /* Preview Assets.xcassets in Resources */ = {isa = PBXBuildFile; fileRef = D8C942ED2996381B00BA6101 /* Preview Assets.xcassets */; };
		D8C942F52996388600BA6101 /* User.swift in Sources */ = {isa = PBXBuildFile; fileRef = D8C942F42996388600BA6101 /* User.swift */; };
		D8C942F729966D2900BA6101 /* RowView.swift in Sources */ = {isa = PBXBuildFile; fileRef = D8C942F629966D2900BA6101 /* RowView.swift */; };
		D8C942F929968F7C00BA6101 /* ContactDetailsView.swift in Sources */ = {isa = PBXBuildFile; fileRef = D8C942F829968F7C00BA6101 /* ContactDetailsView.swift */; };
		D8C942FB299694EB00BA6101 /* SectionView.swift in Sources */ = {isa = PBXBuildFile; fileRef = D8C942FA299694EB00BA6101 /* SectionView.swift */; };
		D8C942FD299696C500BA6101 /* TagView.swift in Sources */ = {isa = PBXBuildFile; fileRef = D8C942FC299696C500BA6101 /* TagView.swift */; };
		D8C9430029983EDE00BA6101 /* Contacts.xcdatamodeld in Sources */ = {isa = PBXBuildFile; fileRef = D8C942FE29983EDE00BA6101 /* Contacts.xcdatamodeld */; };
		D8C9430D2998436200BA6101 /* CachedUser+CoreDataClass.swift in Sources */ = {isa = PBXBuildFile; fileRef = D8C943092998436200BA6101 /* CachedUser+CoreDataClass.swift */; };
		D8C9430E2998436200BA6101 /* CachedUser+CoreDataProperties.swift in Sources */ = {isa = PBXBuildFile; fileRef = D8C9430A2998436200BA6101 /* CachedUser+CoreDataProperties.swift */; };
		D8C9430F2998436200BA6101 /* CachedFriend+CoreDataClass.swift in Sources */ = {isa = PBXBuildFile; fileRef = D8C9430B2998436200BA6101 /* CachedFriend+CoreDataClass.swift */; };
		D8C943102998436200BA6101 /* CachedFriend+CoreDataProperties.swift in Sources */ = {isa = PBXBuildFile; fileRef = D8C9430C2998436200BA6101 /* CachedFriend+CoreDataProperties.swift */; };
		D8C943122998444400BA6101 /* ContactsDataController.swift in Sources */ = {isa = PBXBuildFile; fileRef = D8C943112998444400BA6101 /* ContactsDataController.swift */; };
		D8C94314299853E600BA6101 /* ListView.swift in Sources */ = {isa = PBXBuildFile; fileRef = D8C94313299853E600BA6101 /* ListView.swift */; };
/* End PBXBuildFile section */

/* Begin PBXFileReference section */
		D8C942E32996381B00BA6101 /* Friends.app */ = {isa = PBXFileReference; explicitFileType = wrapper.application; includeInIndex = 0; path = Friends.app; sourceTree = BUILT_PRODUCTS_DIR; };
		D8C942E62996381B00BA6101 /* FriendsApp.swift */ = {isa = PBXFileReference; lastKnownFileType = sourcecode.swift; path = FriendsApp.swift; sourceTree = "<group>"; };
		D8C942E82996381B00BA6101 /* ContactsView.swift */ = {isa = PBXFileReference; lastKnownFileType = sourcecode.swift; path = ContactsView.swift; sourceTree = "<group>"; };
		D8C942EA2996381B00BA6101 /* Assets.xcassets */ = {isa = PBXFileReference; lastKnownFileType = folder.assetcatalog; path = Assets.xcassets; sourceTree = "<group>"; };
		D8C942ED2996381B00BA6101 /* Preview Assets.xcassets */ = {isa = PBXFileReference; lastKnownFileType = folder.assetcatalog; path = "Preview Assets.xcassets"; sourceTree = "<group>"; };
		D8C942F42996388600BA6101 /* User.swift */ = {isa = PBXFileReference; lastKnownFileType = sourcecode.swift; path = User.swift; sourceTree = "<group>"; };
		D8C942F629966D2900BA6101 /* RowView.swift */ = {isa = PBXFileReference; lastKnownFileType = sourcecode.swift; path = RowView.swift; sourceTree = "<group>"; };
		D8C942F829968F7C00BA6101 /* ContactDetailsView.swift */ = {isa = PBXFileReference; lastKnownFileType = sourcecode.swift; path = ContactDetailsView.swift; sourceTree = "<group>"; };
		D8C942FA299694EB00BA6101 /* SectionView.swift */ = {isa = PBXFileReference; lastKnownFileType = sourcecode.swift; path = SectionView.swift; sourceTree = "<group>"; };
		D8C942FC299696C500BA6101 /* TagView.swift */ = {isa = PBXFileReference; lastKnownFileType = sourcecode.swift; path = TagView.swift; sourceTree = "<group>"; };
		D8C942FF29983EDE00BA6101 /* Contacts.xcdatamodel */ = {isa = PBXFileReference; lastKnownFileType = wrapper.xcdatamodel; path = Contacts.xcdatamodel; sourceTree = "<group>"; };
		D8C943092998436200BA6101 /* CachedUser+CoreDataClass.swift */ = {isa = PBXFileReference; lastKnownFileType = sourcecode.swift; path = "CachedUser+CoreDataClass.swift"; sourceTree = "<group>"; };
		D8C9430A2998436200BA6101 /* CachedUser+CoreDataProperties.swift */ = {isa = PBXFileReference; lastKnownFileType = sourcecode.swift; path = "CachedUser+CoreDataProperties.swift"; sourceTree = "<group>"; };
		D8C9430B2998436200BA6101 /* CachedFriend+CoreDataClass.swift */ = {isa = PBXFileReference; lastKnownFileType = sourcecode.swift; path = "CachedFriend+CoreDataClass.swift"; sourceTree = "<group>"; };
		D8C9430C2998436200BA6101 /* CachedFriend+CoreDataProperties.swift */ = {isa = PBXFileReference; lastKnownFileType = sourcecode.swift; path = "CachedFriend+CoreDataProperties.swift"; sourceTree = "<group>"; };
		D8C943112998444400BA6101 /* ContactsDataController.swift */ = {isa = PBXFileReference; lastKnownFileType = sourcecode.swift; path = ContactsDataController.swift; sourceTree = "<group>"; };
		D8C94313299853E600BA6101 /* ListView.swift */ = {isa = PBXFileReference; lastKnownFileType = sourcecode.swift; path = ListView.swift; sourceTree = "<group>"; };
/* End PBXFileReference section */

/* Begin PBXFrameworksBuildPhase section */
		D8C942E02996381B00BA6101 /* Frameworks */ = {
			isa = PBXFrameworksBuildPhase;
			buildActionMask = 2147483647;
			files = (
			);
			runOnlyForDeploymentPostprocessing = 0;
		};
/* End PBXFrameworksBuildPhase section */

/* Begin PBXGroup section */
		D8C942DA2996381A00BA6101 = {
			isa = PBXGroup;
			children = (
				D8C94313299853E600BA6101 /* ListView.swift */,
				D8C942E52996381B00BA6101 /* Friends */,
				D8C942E42996381B00BA6101 /* Products */,
			);
			sourceTree = "<group>";
		};
		D8C942E42996381B00BA6101 /* Products */ = {
			isa = PBXGroup;
			children = (
				D8C942E32996381B00BA6101 /* Friends.app */,
			);
			name = Products;
			sourceTree = "<group>";
		};
		D8C942E52996381B00BA6101 /* Friends */ = {
			isa = PBXGroup;
			children = (
				D8C942FE29983EDE00BA6101 /* Contacts.xcdatamodeld */,
				D8C943092998436200BA6101 /* CachedUser+CoreDataClass.swift */,
				D8C9430A2998436200BA6101 /* CachedUser+CoreDataProperties.swift */,
				D8C9430B2998436200BA6101 /* CachedFriend+CoreDataClass.swift */,
				D8C9430C2998436200BA6101 /* CachedFriend+CoreDataProperties.swift */,
				D8C942E62996381B00BA6101 /* FriendsApp.swift */,
				D8C942E82996381B00BA6101 /* ContactsView.swift */,
				D8C943112998444400BA6101 /* ContactsDataController.swift */,
				D8C942F829968F7C00BA6101 /* ContactDetailsView.swift */,
				D8C942FC299696C500BA6101 /* TagView.swift */,
				D8C942FA299694EB00BA6101 /* SectionView.swift */,
				D8C942F42996388600BA6101 /* User.swift */,
				D8C942EA2996381B00BA6101 /* Assets.xcassets */,
				D8C942EC2996381B00BA6101 /* Preview Content */,
				D8C942F629966D2900BA6101 /* RowView.swift */,
			);
			path = Friends;
			sourceTree = "<group>";
		};
		D8C942EC2996381B00BA6101 /* Preview Content */ = {
			isa = PBXGroup;
			children = (
				D8C942ED2996381B00BA6101 /* Preview Assets.xcassets */,
			);
			path = "Preview Content";
			sourceTree = "<group>";
		};
/* End PBXGroup section */

/* Begin PBXNativeTarget section */
		D8C942E22996381B00BA6101 /* Friends */ = {
			isa = PBXNativeTarget;
			buildConfigurationList = D8C942F12996381B00BA6101 /* Build configuration list for PBXNativeTarget "Friends" */;
			buildPhases = (
				D8C942DF2996381B00BA6101 /* Sources */,
				D8C942E02996381B00BA6101 /* Frameworks */,
				D8C942E12996381B00BA6101 /* Resources */,
			);
			buildRules = (
			);
			dependencies = (
			);
			name = Friends;
			productName = Friends;
			productReference = D8C942E32996381B00BA6101 /* Friends.app */;
			productType = "com.apple.product-type.application";
		};
/* End PBXNativeTarget section */

/* Begin PBXProject section */
		D8C942DB2996381A00BA6101 /* Project object */ = {
			isa = PBXProject;
			attributes = {
				BuildIndependentTargetsInParallel = 1;
				LastSwiftUpdateCheck = 1420;
				LastUpgradeCheck = 1420;
				TargetAttributes = {
					D8C942E22996381B00BA6101 = {
						CreatedOnToolsVersion = 14.2;
					};
				};
			};
			buildConfigurationList = D8C942DE2996381A00BA6101 /* Build configuration list for PBXProject "Friends" */;
			compatibilityVersion = "Xcode 14.0";
			developmentRegion = en;
			hasScannedForEncodings = 0;
			knownRegions = (
				en,
				Base,
			);
			mainGroup = D8C942DA2996381A00BA6101;
			productRefGroup = D8C942E42996381B00BA6101 /* Products */;
			projectDirPath = "";
			projectRoot = "";
			targets = (
				D8C942E22996381B00BA6101 /* Friends */,
			);
		};
/* End PBXProject section */

/* Begin PBXResourcesBuildPhase section */
		D8C942E12996381B00BA6101 /* Resources */ = {
			isa = PBXResourcesBuildPhase;
			buildActionMask = 2147483647;
			files = (
				D8C942EE2996381B00BA6101 /* Preview Assets.xcassets in Resources */,
				D8C942EB2996381B00BA6101 /* Assets.xcassets in Resources */,
			);
			runOnlyForDeploymentPostprocessing = 0;
		};
/* End PBXResourcesBuildPhase section */

/* Begin PBXSourcesBuildPhase section */
		D8C942DF2996381B00BA6101 /* Sources */ = {
			isa = PBXSourcesBuildPhase;
			buildActionMask = 2147483647;
			files = (
				D8C942F929968F7C00BA6101 /* ContactDetailsView.swift in Sources */,
				D8C942E92996381B00BA6101 /* ContactsView.swift in Sources */,
				D8C9430E2998436200BA6101 /* CachedUser+CoreDataProperties.swift in Sources */,
				D8C942FB299694EB00BA6101 /* SectionView.swift in Sources */,
				D8C942F52996388600BA6101 /* User.swift in Sources */,
				D8C9430D2998436200BA6101 /* CachedUser+CoreDataClass.swift in Sources */,
				D8C9430029983EDE00BA6101 /* Contacts.xcdatamodeld in Sources */,
				D8C943102998436200BA6101 /* CachedFriend+CoreDataProperties.swift in Sources */,
				D8C943122998444400BA6101 /* ContactsDataController.swift in Sources */,
				D8C942FD299696C500BA6101 /* TagView.swift in Sources */,
				D8C94314299853E600BA6101 /* ListView.swift in Sources */,
				D8C9430F2998436200BA6101 /* CachedFriend+CoreDataClass.swift in Sources */,
				D8C942E72996381B00BA6101 /* FriendsApp.swift in Sources */,
				D8C942F729966D2900BA6101 /* RowView.swift in Sources */,
			);
			runOnlyForDeploymentPostprocessing = 0;
		};
/* End PBXSourcesBuildPhase section */

/* Begin XCBuildConfiguration section */
		D8C942EF2996381B00BA6101 /* Debug */ = {
			isa = XCBuildConfiguration;
			buildSettings = {
				ALWAYS_SEARCH_USER_PATHS = NO;
				CLANG_ANALYZER_NONNULL = YES;
				CLANG_ANALYZER_NUMBER_OBJECT_CONVERSION = YES_AGGRESSIVE;
				CLANG_CXX_LANGUAGE_STANDARD = "gnu++20";
				CLANG_ENABLE_MODULES = YES;
				CLANG_ENABLE_OBJC_ARC = YES;
				CLANG_ENABLE_OBJC_WEAK = YES;
				CLANG_WARN_BLOCK_CAPTURE_AUTORELEASING = YES;
				CLANG_WARN_BOOL_CONVERSION = YES;
				CLANG_WARN_COMMA = YES;
				CLANG_WARN_CONSTANT_CONVERSION = YES;
				CLANG_WARN_DEPRECATED_OBJC_IMPLEMENTATIONS = YES;
				CLANG_WARN_DIRECT_OBJC_ISA_USAGE = YES_ERROR;
				CLANG_WARN_DOCUMENTATION_COMMENTS = YES;
				CLANG_WARN_EMPTY_BODY = YES;
				CLANG_WARN_ENUM_CONVERSION = YES;
				CLANG_WARN_INFINITE_RECURSION = YES;
				CLANG_WARN_INT_CONVERSION = YES;
				CLANG_WARN_NON_LITERAL_NULL_CONVERSION = YES;
				CLANG_WARN_OBJC_IMPLICIT_RETAIN_SELF = YES;
				CLANG_WARN_OBJC_LITERAL_CONVERSION = YES;
				CLANG_WARN_OBJC_ROOT_CLASS = YES_ERROR;
				CLANG_WARN_QUOTED_INCLUDE_IN_FRAMEWORK_HEADER = YES;
				CLANG_WARN_RANGE_LOOP_ANALYSIS = YES;
				CLANG_WARN_STRICT_PROTOTYPES = YES;
				CLANG_WARN_SUSPICIOUS_MOVE = YES;
				CLANG_WARN_UNGUARDED_AVAILABILITY = YES_AGGRESSIVE;
				CLANG_WARN_UNREACHABLE_CODE = YES;
				CLANG_WARN__DUPLICATE_METHOD_MATCH = YES;
				COPY_PHASE_STRIP = NO;
				DEBUG_INFORMATION_FORMAT = dwarf;
				ENABLE_STRICT_OBJC_MSGSEND = YES;
				ENABLE_TESTABILITY = YES;
				GCC_C_LANGUAGE_STANDARD = gnu11;
				GCC_DYNAMIC_NO_PIC = NO;
				GCC_NO_COMMON_BLOCKS = YES;
				GCC_OPTIMIZATION_LEVEL = 0;
				GCC_PREPROCESSOR_DEFINITIONS = (
					"DEBUG=1",
					"$(inherited)",
				);
				GCC_WARN_64_TO_32_BIT_CONVERSION = YES;
				GCC_WARN_ABOUT_RETURN_TYPE = YES_ERROR;
				GCC_WARN_UNDECLARED_SELECTOR = YES;
				GCC_WARN_UNINITIALIZED_AUTOS = YES_AGGRESSIVE;
				GCC_WARN_UNUSED_FUNCTION = YES;
				GCC_WARN_UNUSED_VARIABLE = YES;
				IPHONEOS_DEPLOYMENT_TARGET = 16.2;
				MTL_ENABLE_DEBUG_INFO = INCLUDE_SOURCE;
				MTL_FAST_MATH = YES;
				ONLY_ACTIVE_ARCH = YES;
				SDKROOT = iphoneos;
				SWIFT_ACTIVE_COMPILATION_CONDITIONS = DEBUG;
				SWIFT_OPTIMIZATION_LEVEL = "-Onone";
			};
			name = Debug;
		};
		D8C942F02996381B00BA6101 /* Release */ = {
			isa = XCBuildConfiguration;
			buildSettings = {
				ALWAYS_SEARCH_USER_PATHS = NO;
				CLANG_ANALYZER_NONNULL = YES;
				CLANG_ANALYZER_NUMBER_OBJECT_CONVERSION = YES_AGGRESSIVE;
				CLANG_CXX_LANGUAGE_STANDARD = "gnu++20";
				CLANG_ENABLE_MODULES = YES;
				CLANG_ENABLE_OBJC_ARC = YES;
				CLANG_ENABLE_OBJC_WEAK = YES;
				CLANG_WARN_BLOCK_CAPTURE_AUTORELEASING = YES;
				CLANG_WARN_BOOL_CONVERSION = YES;
				CLANG_WARN_COMMA = YES;
				CLANG_WARN_CONSTANT_CONVERSION = YES;
				CLANG_WARN_DEPRECATED_OBJC_IMPLEMENTATIONS = YES;
				CLANG_WARN_DIRECT_OBJC_ISA_USAGE = YES_ERROR;
				CLANG_WARN_DOCUMENTATION_COMMENTS = YES;
				CLANG_WARN_EMPTY_BODY = YES;
				CLANG_WARN_ENUM_CONVERSION = YES;
				CLANG_WARN_INFINITE_RECURSION = YES;
				CLANG_WARN_INT_CONVERSION = YES;
				CLANG_WARN_NON_LITERAL_NULL_CONVERSION = YES;
				CLANG_WARN_OBJC_IMPLICIT_RETAIN_SELF = YES;
				CLANG_WARN_OBJC_LITERAL_CONVERSION = YES;
				CLANG_WARN_OBJC_ROOT_CLASS = YES_ERROR;
				CLANG_WARN_QUOTED_INCLUDE_IN_FRAMEWORK_HEADER = YES;
				CLANG_WARN_RANGE_LOOP_ANALYSIS = YES;
				CLANG_WARN_STRICT_PROTOTYPES = YES;
				CLANG_WARN_SUSPICIOUS_MOVE = YES;
				CLANG_WARN_UNGUARDED_AVAILABILITY = YES_AGGRESSIVE;
				CLANG_WARN_UNREACHABLE_CODE = YES;
				CLANG_WARN__DUPLICATE_METHOD_MATCH = YES;
				COPY_PHASE_STRIP = NO;
				DEBUG_INFORMATION_FORMAT = "dwarf-with-dsym";
				ENABLE_NS_ASSERTIONS = NO;
				ENABLE_STRICT_OBJC_MSGSEND = YES;
				GCC_C_LANGUAGE_STANDARD = gnu11;
				GCC_NO_COMMON_BLOCKS = YES;
				GCC_WARN_64_TO_32_BIT_CONVERSION = YES;
				GCC_WARN_ABOUT_RETURN_TYPE = YES_ERROR;
				GCC_WARN_UNDECLARED_SELECTOR = YES;
				GCC_WARN_UNINITIALIZED_AUTOS = YES_AGGRESSIVE;
				GCC_WARN_UNUSED_FUNCTION = YES;
				GCC_WARN_UNUSED_VARIABLE = YES;
				IPHONEOS_DEPLOYMENT_TARGET = 16.2;
				MTL_ENABLE_DEBUG_INFO = NO;
				MTL_FAST_MATH = YES;
				SDKROOT = iphoneos;
				SWIFT_COMPILATION_MODE = wholemodule;
				SWIFT_OPTIMIZATION_LEVEL = "-O";
				VALIDATE_PRODUCT = YES;
			};
			name = Release;
		};
		D8C942F22996381B00BA6101 /* Debug */ = {
			isa = XCBuildConfiguration;
			buildSettings = {
				ASSETCATALOG_COMPILER_APPICON_NAME = AppIcon;
				ASSETCATALOG_COMPILER_GLOBAL_ACCENT_COLOR_NAME = AccentColor;
				CODE_SIGN_STYLE = Automatic;
				CURRENT_PROJECT_VERSION = 1;
				DEVELOPMENT_ASSET_PATHS = "\"Friends/Preview Content\"";
				ENABLE_PREVIEWS = YES;
				GENERATE_INFOPLIST_FILE = YES;
				INFOPLIST_KEY_UIApplicationSceneManifest_Generation = YES;
				INFOPLIST_KEY_UIApplicationSupportsIndirectInputEvents = YES;
				INFOPLIST_KEY_UILaunchScreen_Generation = YES;
				INFOPLIST_KEY_UISupportedInterfaceOrientations_iPad = "UIInterfaceOrientationPortrait UIInterfaceOrientationPortraitUpsideDown UIInterfaceOrientationLandscapeLeft UIInterfaceOrientationLandscapeRight";
				INFOPLIST_KEY_UISupportedInterfaceOrientations_iPhone = "UIInterfaceOrientationPortrait UIInterfaceOrientationLandscapeLeft UIInterfaceOrientationLandscapeRight";
				LD_RUNPATH_SEARCH_PATHS = (
					"$(inherited)",
					"@executable_path/Frameworks",
				);
				MARKETING_VERSION = 1.0;
				PRODUCT_BUNDLE_IDENTIFIER = com.glenngijsberts.Friends;
				PRODUCT_NAME = "$(TARGET_NAME)";
				SWIFT_EMIT_LOC_STRINGS = YES;
				SWIFT_VERSION = 5.0;
				TARGETED_DEVICE_FAMILY = "1,2";
			};
			name = Debug;
		};
		D8C942F32996381B00BA6101 /* Release */ = {
			isa = XCBuildConfiguration;
			buildSettings = {
				ASSETCATALOG_COMPILER_APPICON_NAME = AppIcon;
				ASSETCATALOG_COMPILER_GLOBAL_ACCENT_COLOR_NAME = AccentColor;
				CODE_SIGN_STYLE = Automatic;
				CURRENT_PROJECT_VERSION = 1;
				DEVELOPMENT_ASSET_PATHS = "\"Friends/Preview Content\"";
				ENABLE_PREVIEWS = YES;
				GENERATE_INFOPLIST_FILE = YES;
				INFOPLIST_KEY_UIApplicationSceneManifest_Generation = YES;
				INFOPLIST_KEY_UIApplicationSupportsIndirectInputEvents = YES;
				INFOPLIST_KEY_UILaunchScreen_Generation = YES;
				INFOPLIST_KEY_UISupportedInterfaceOrientations_iPad = "UIInterfaceOrientationPortrait UIInterfaceOrientationPortraitUpsideDown UIInterfaceOrientationLandscapeLeft UIInterfaceOrientationLandscapeRight";
				INFOPLIST_KEY_UISupportedInterfaceOrientations_iPhone = "UIInterfaceOrientationPortrait UIInterfaceOrientationLandscapeLeft UIInterfaceOrientationLandscapeRight";
				LD_RUNPATH_SEARCH_PATHS = (
					"$(inherited)",
					"@executable_path/Frameworks",
				);
				MARKETING_VERSION = 1.0;
				PRODUCT_BUNDLE_IDENTIFIER = com.glenngijsberts.Friends;
				PRODUCT_NAME = "$(TARGET_NAME)";
				SWIFT_EMIT_LOC_STRINGS = YES;
				SWIFT_VERSION = 5.0;
				TARGETED_DEVICE_FAMILY = "1,2";
			};
			name = Release;
		};
/* End XCBuildConfiguration section */

/* Begin XCConfigurationList section */
		D8C942DE2996381A00BA6101 /* Build configuration list for PBXProject "Friends" */ = {
			isa = XCConfigurationList;
			buildConfigurations = (
				D8C942EF2996381B00BA6101 /* Debug */,
				D8C942F02996381B00BA6101 /* Release */,
			);
			defaultConfigurationIsVisible = 0;
			defaultConfigurationName = Release;
		};
		D8C942F12996381B00BA6101 /* Build configuration list for PBXNativeTarget "Friends" */ = {
			isa = XCConfigurationList;
			buildConfigurations = (
				D8C942F22996381B00BA6101 /* Debug */,
				D8C942F32996381B00BA6101 /* Release */,
			);
			defaultConfigurationIsVisible = 0;
			defaultConfigurationName = Release;
		};
/* End XCConfigurationList section */

/* Begin XCVersionGroup section */
		D8C942FE29983EDE00BA6101 /* Contacts.xcdatamodeld */ = {
			isa = XCVersionGroup;
			children = (
				D8C942FF29983EDE00BA6101 /* Contacts.xcdatamodel */,
			);
			currentVersion = D8C942FF29983EDE00BA6101 /* Contacts.xcdatamodel */;
			path = Contacts.xcdatamodeld;
			sourceTree = "<group>";
			versionGroupType = wrapper.xcdatamodel;
		};
/* End XCVersionGroup section */
	};
	rootObject = D8C942DB2996381A00BA6101 /* Project object */;
}
